
Microsoft Visual Studio Solution File, Format Version 12.00
# Visual Studio 15
VisualStudioVersion = 15.0.26430.6
MinimumVisualStudioVersion = 10.0.40219.1
Project("{9A19103F-16F7-4668-BE54-9A1E7A4F7556}") = "vuespa", "vuespa\vuespa.csproj", "{9B1119A8-8E5B-42C0-80E9-B3F7A36E487C}"
EndProject
Global
	GlobalSection(SolutionConfigurationPlatforms) = preSolution
		Debug|Any CPU = Debug|Any CPU
		Release|Any CPU = Release|Any CPU
	EndGlobalSection
	GlobalSection(ProjectConfigurationPlatforms) = postSolution
		{9B1119A8-8E5B-42C0-80E9-B3F7A36E487C}.Debug|Any CPU.ActiveCfg = Debug|Any CPU
		{9B1119A8-8E5B-42C0-80E9-B3F7A36E487C}.Debug|Any CPU.Build.0 = Debug|Any CPU
		{9B1119A8-8E5B-42C0-80E9-B3F7A36E487C}.Release|Any CPU.ActiveCfg = Release|Any CPU
		{9B1119A8-8E5B-42C0-80E9-B3F7A36E487C}.Release|Any CPU.Build.0 = Release|Any CPU
	EndGlobalSection
	GlobalSection(SolutionProperties) = preSolution
		HideSolutionNode = FALSE
	EndGlobalSection
EndGlobal
